
Microsoft Visual Studio Solution File, Format Version 12.00
# Visual Studio 15
Project("{FAE04EC0-301F-11D3-BF4B-00C04F79EFBC}") = "UniTask", "UniTask.csproj", "{0E88D16A-A311-6618-6C25-ADBF7A29CFE5}"
EndProject
Project("{FAE04EC0-301F-11D3-BF4B-00C04F79EFBC}") = "UniTask.Linq", "UniTask.Linq.csproj", "{41D52E05-B52E-F334-FD59-B922175136E5}"
EndProject
Project("{FAE04EC0-301F-11D3-BF4B-00C04F79EFBC}") = "UniTask.DOTween", "UniTask.DOTween.csproj", "{418573AF-C124-8166-4F60-8C1C1157C8B6}"
EndProject
Project("{FAE04EC0-301F-11D3-BF4B-00C04F79EFBC}") = "Assembly-CSharp", "Assembly-CSharp.csproj", "{C83FA2C1-1921-13D0-8DE4-68B502221855}"
EndProject
Project("{FAE04EC0-301F-11D3-BF4B-00C04F79EFBC}") = "Assembly-CSharp-firstpass", "Assembly-CSharp-firstpass.csproj", "{05333E32-4A69-350D-AE11-D215E10FD06B}"
EndProject
Project("{FAE04EC0-301F-11D3-BF4B-00C04F79EFBC}") = "UniTask.TextMeshPro", "UniTask.TextMeshPro.csproj", "{C6A040F7-4C82-7053-7787-C0E313E846FE}"
EndProject
Project("{FAE04EC0-301F-11D3-BF4B-00C04F79EFBC}") = "UniTask.Addressables", "UniTask.Addressables.csproj", "{ABB771B4-1E4F-6185-68D0-A8F9D34E75E4}"
EndProject
Project("{FAE04EC0-301F-11D3-BF4B-00C04F79EFBC}") = "UniTask.Editor", "UniTask.Editor.csproj", "{624268DC-1C6F-CF2A-E0CC-C08A12402C0C}"
EndProject
Global
	GlobalSection(SolutionConfigurationPlatforms) = preSolution
		Debug|Any CPU = Debug|Any CPU
		Release|Any CPU = Release|Any CPU
	EndGlobalSection
	GlobalSection(ProjectConfigurationPlatforms) = postSolution
		{0E88D16A-A311-6618-6C25-ADBF7A29CFE5}.Debug|Any CPU.ActiveCfg = Debug|Any CPU
		{0E88D16A-A311-6618-6C25-ADBF7A29CFE5}.Debug|Any CPU.Build.0 = Debug|Any CPU
		{0E88D16A-A311-6618-6C25-ADBF7A29CFE5}.Release|Any CPU.ActiveCfg = Release|Any CPU
		{0E88D16A-A311-6618-6C25-ADBF7A29CFE5}.Release|Any CPU.Build.0 = Release|Any CPU
		{41D52E05-B52E-F334-FD59-B922175136E5}.Debug|Any CPU.ActiveCfg = Debug|Any CPU
		{41D52E05-B52E-F334-FD59-B922175136E5}.Debug|Any CPU.Build.0 = Debug|Any CPU
		{41D52E05-B52E-F334-FD59-B922175136E5}.Release|Any CPU.ActiveCfg = Release|Any CPU
		{41D52E05-B52E-F334-FD59-B922175136E5}.Release|Any CPU.Build.0 = Release|Any CPU
		{418573AF-C124-8166-4F60-8C1C1157C8B6}.Debug|Any CPU.ActiveCfg = Debug|Any CPU
		{418573AF-C124-8166-4F60-8C1C1157C8B6}.Debug|Any CPU.Build.0 = Debug|Any CPU
		{418573AF-C124-8166-4F60-8C1C1157C8B6}.Release|Any CPU.ActiveCfg = Release|Any CPU
		{418573AF-C124-8166-4F60-8C1C1157C8B6}.Release|Any CPU.Build.0 = Release|Any CPU
		{C83FA2C1-1921-13D0-8DE4-68B502221855}.Debug|Any CPU.ActiveCfg = Debug|Any CPU
		{C83FA2C1-1921-13D0-8DE4-68B502221855}.Debug|Any CPU.Build.0 = Debug|Any CPU
		{C83FA2C1-1921-13D0-8DE4-68B502221855}.Release|Any CPU.ActiveCfg = Release|Any CPU
		{C83FA2C1-1921-13D0-8DE4-68B502221855}.Release|Any CPU.Build.0 = Release|Any CPU
		{05333E32-4A69-350D-AE11-D215E10FD06B}.Debug|Any CPU.ActiveCfg = Debug|Any CPU
		{05333E32-4A69-350D-AE11-D215E10FD06B}.Debug|Any CPU.Build.0 = Debug|Any CPU
		{05333E32-4A69-350D-AE11-D215E10FD06B}.Release|Any CPU.ActiveCfg = Release|Any CPU
		{05333E32-4A69-350D-AE11-D215E10FD06B}.Release|Any CPU.Build.0 = Release|Any CPU
		{C6A040F7-4C82-7053-7787-C0E313E846FE}.Debug|Any CPU.ActiveCfg = Debug|Any CPU
		{C6A040F7-4C82-7053-7787-C0E313E846FE}.Debug|Any CPU.Build.0 = Debug|Any CPU
		{C6A040F7-4C82-7053-7787-C0E313E846FE}.Release|Any CPU.ActiveCfg = Release|Any CPU
		{C6A040F7-4C82-7053-7787-C0E313E846FE}.Release|Any CPU.Build.0 = Release|Any CPU
		{ABB771B4-1E4F-6185-68D0-A8F9D34E75E4}.Debug|Any CPU.ActiveCfg = Debug|Any CPU
		{ABB771B4-1E4F-6185-68D0-A8F9D34E75E4}.Debug|Any CPU.Build.0 = Debug|Any CPU
		{ABB771B4-1E4F-6185-68D0-A8F9D34E75E4}.Release|Any CPU.ActiveCfg = Release|Any CPU
		{ABB771B4-1E4F-6185-68D0-A8F9D34E75E4}.Release|Any CPU.Build.0 = Release|Any CPU
		{624268DC-1C6F-CF2A-E0CC-C08A12402C0C}.Debug|Any CPU.ActiveCfg = Debug|Any CPU
		{624268DC-1C6F-CF2A-E0CC-C08A12402C0C}.Debug|Any CPU.Build.0 = Debug|Any CPU
		{624268DC-1C6F-CF2A-E0CC-C08A12402C0C}.Release|Any CPU.ActiveCfg = Release|Any CPU
		{624268DC-1C6F-CF2A-E0CC-C08A12402C0C}.Release|Any CPU.Build.0 = Release|Any CPU
	EndGlobalSection
	GlobalSection(SolutionProperties) = preSolution
		HideSolutionNode = FALSE
	EndGlobalSection
EndGlobal
